
Microsoft Visual Studio Solution File, Format Version 12.00
# Visual Studio 14
VisualStudioVersion = 14.0.25420.1
MinimumVisualStudioVersion = 10.0.40219.1
Project("{FAE04EC0-301F-11D3-BF4B-00C04F79EFBC}") = "fops_weather_bl", "fops_weather_bl\fops_weather_bl.csproj", "{86626125-4EE3-4E44-958E-0B2C4776A7CB}"
EndProject
Global
	GlobalSection(SolutionConfigurationPlatforms) = preSolution
		Debug|Any CPU = Debug|Any CPU
		Release|Any CPU = Release|Any CPU
	EndGlobalSection
	GlobalSection(ProjectConfigurationPlatforms) = postSolution
		{86626125-4EE3-4E44-958E-0B2C4776A7CB}.Debug|Any CPU.ActiveCfg = Debug|Any CPU
		{86626125-4EE3-4E44-958E-0B2C4776A7CB}.Debug|Any CPU.Build.0 = Debug|Any CPU
		{86626125-4EE3-4E44-958E-0B2C4776A7CB}.Release|Any CPU.ActiveCfg = Release|Any CPU
		{86626125-4EE3-4E44-958E-0B2C4776A7CB}.Release|Any CPU.Build.0 = Release|Any CPU
	EndGlobalSection
	GlobalSection(SolutionProperties) = preSolution
		HideSolutionNode = FALSE
	EndGlobalSection
EndGlobal
